
Microsoft Visual Studio Solution File, Format Version 12.00
# Visual Studio 15
VisualStudioVersion = 15.0.26730.15
MinimumVisualStudioVersion = 10.0.40219.1
Project("{FAE04EC0-301F-11D3-BF4B-00C04F79EFBC}") = "CheckoutAssignment", "CheckoutAssignment\CheckoutAssignment.csproj", "{40C1BEB0-9A8D-41D1-8426-1A83D0476A91}"
EndProject
Project("{FAE04EC0-301F-11D3-BF4B-00C04F79EFBC}") = "CheckoutAssignment.Test", "CheckoutAssignment.Test\CheckoutAssignment.Test.csproj", "{ECF6C171-AC52-45BC-9F38-6C4FAC5E4E6A}"
EndProject
Global
	GlobalSection(SolutionConfigurationPlatforms) = preSolution
		Debug|Any CPU = Debug|Any CPU
		Release|Any CPU = Release|Any CPU
	EndGlobalSection
	GlobalSection(ProjectConfigurationPlatforms) = postSolution
		{40C1BEB0-9A8D-41D1-8426-1A83D0476A91}.Debug|Any CPU.ActiveCfg = Debug|Any CPU
		{40C1BEB0-9A8D-41D1-8426-1A83D0476A91}.Debug|Any CPU.Build.0 = Debug|Any CPU
		{40C1BEB0-9A8D-41D1-8426-1A83D0476A91}.Release|Any CPU.ActiveCfg = Release|Any CPU
		{40C1BEB0-9A8D-41D1-8426-1A83D0476A91}.Release|Any CPU.Build.0 = Release|Any CPU
		{ECF6C171-AC52-45BC-9F38-6C4FAC5E4E6A}.Debug|Any CPU.ActiveCfg = Debug|Any CPU
		{ECF6C171-AC52-45BC-9F38-6C4FAC5E4E6A}.Debug|Any CPU.Build.0 = Debug|Any CPU
		{ECF6C171-AC52-45BC-9F38-6C4FAC5E4E6A}.Release|Any CPU.ActiveCfg = Release|Any CPU
		{ECF6C171-AC52-45BC-9F38-6C4FAC5E4E6A}.Release|Any CPU.Build.0 = Release|Any CPU
	EndGlobalSection
	GlobalSection(SolutionProperties) = preSolution
		HideSolutionNode = FALSE
	EndGlobalSection
	GlobalSection(ExtensibilityGlobals) = postSolution
		SolutionGuid = {09040C40-AAC1-4BC5-9B9B-0325D7E4EB2E}
	EndGlobalSection
EndGlobal
